// !$*UTF8*$!
{
	archiveVersion = 1;
	classes = {
	};
	objectVersion = 56;
	objects = {

/* Begin PBXBuildFile section */
		0503A9582B251D4C003CF2B5 /* ConcentrationApp.swift in Sources */ = {isa = PBXBuildFile; fileRef = 0503A9572B251D4C003CF2B5 /* ConcentrationApp.swift */; };
		0503A95A2B251D4C003CF2B5 /* ContentView.swift in Sources */ = {isa = PBXBuildFile; fileRef = 0503A9592B251D4C003CF2B5 /* ContentView.swift */; };
		0503A95C2B251D4E003CF2B5 /* Assets.xcassets in Resources */ = {isa = PBXBuildFile; fileRef = 0503A95B2B251D4E003CF2B5 /* Assets.xcassets */; };
		0503A95F2B251D4E003CF2B5 /* Preview Assets.xcassets in Resources */ = {isa = PBXBuildFile; fileRef = 0503A95E2B251D4E003CF2B5 /* Preview Assets.xcassets */; };
		0503A9692B251D4E003CF2B5 /* ConcentrationTests.swift in Sources */ = {isa = PBXBuildFile; fileRef = 0503A9682B251D4E003CF2B5 /* ConcentrationTests.swift */; };
		0503A9732B251D4E003CF2B5 /* ConcentrationUITests.swift in Sources */ = {isa = PBXBuildFile; fileRef = 0503A9722B251D4E003CF2B5 /* ConcentrationUITests.swift */; };
		0503A9752B251D4E003CF2B5 /* ConcentrationUITestsLaunchTests.swift in Sources */ = {isa = PBXBuildFile; fileRef = 0503A9742B251D4E003CF2B5 /* ConcentrationUITestsLaunchTests.swift */; };
/* End PBXBuildFile section */

/* Begin PBXContainerItemProxy section */
		0503A9652B251D4E003CF2B5 /* PBXContainerItemProxy */ = {
			isa = PBXContainerItemProxy;
			containerPortal = 0503A94C2B251D4C003CF2B5 /* Project object */;
			proxyType = 1;
			remoteGlobalIDString = 0503A9532B251D4C003CF2B5;
			remoteInfo = Concentration;
		};
		0503A96F2B251D4E003CF2B5 /* PBXContainerItemProxy */ = {
			isa = PBXContainerItemProxy;
			containerPortal = 0503A94C2B251D4C003CF2B5 /* Project object */;
			proxyType = 1;
			remoteGlobalIDString = 0503A9532B251D4C003CF2B5;
			remoteInfo = Concentration;
		};
/* End PBXContainerItemProxy section */

/* Begin PBXFileReference section */
		0503A9542B251D4C003CF2B5 /* Concentration.app */ = {isa = PBXFileReference; explicitFileType = wrapper.application; includeInIndex = 0; path = Concentration.app; sourceTree = BUILT_PRODUCTS_DIR; };
		0503A9572B251D4C003CF2B5 /* ConcentrationApp.swift */ = {isa = PBXFileReference; lastKnownFileType = sourcecode.swift; path = ConcentrationApp.swift; sourceTree = "<group>"; };
		0503A9592B251D4C003CF2B5 /* ContentView.swift */ = {isa = PBXFileReference; lastKnownFileType = sourcecode.swift; path = ContentView.swift; sourceTree = "<group>"; };
		0503A95B2B251D4E003CF2B5 /* Assets.xcassets */ = {isa = PBXFileReference; lastKnownFileType = folder.assetcatalog; path = Assets.xcassets; sourceTree = "<group>"; };
		0503A95E2B251D4E003CF2B5 /* Preview Assets.xcassets */ = {isa = PBXFileReference; lastKnownFileType = folder.assetcatalog; path = "Preview Assets.xcassets"; sourceTree = "<group>"; };
		0503A9642B251D4E003CF2B5 /* ConcentrationTests.xctest */ = {isa = PBXFileReference; explicitFileType = wrapper.cfbundle; includeInIndex = 0; path = ConcentrationTests.xctest; sourceTree = BUILT_PRODUCTS_DIR; };
		0503A9682B251D4E003CF2B5 /* ConcentrationTests.swift */ = {isa = PBXFileReference; lastKnownFileType = sourcecode.swift; path = ConcentrationTests.swift; sourceTree = "<group>"; };
		0503A96E2B251D4E003CF2B5 /* ConcentrationUITests.xctest */ = {isa = PBXFileReference; explicitFileType = wrapper.cfbundle; includeInIndex = 0; path = ConcentrationUITests.xctest; sourceTree = BUILT_PRODUCTS_DIR; };
		0503A9722B251D4E003CF2B5 /* ConcentrationUITests.swift */ = {isa = PBXFileReference; lastKnownFileType = sourcecode.swift; path = ConcentrationUITests.swift; sourceTree = "<group>"; };
		0503A9742B251D4E003CF2B5 /* ConcentrationUITestsLaunchTests.swift */ = {isa = PBXFileReference; lastKnownFileType = sourcecode.swift; path = ConcentrationUITestsLaunchTests.swift; sourceTree = "<group>"; };
/* End PBXFileReference section */

/* Begin PBXFrameworksBuildPhase section */
		0503A9512B251D4C003CF2B5 /* Frameworks */ = {
			isa = PBXFrameworksBuildPhase;
			buildActionMask = 2147483647;
			files = (
			);
			runOnlyForDeploymentPostprocessing = 0;
		};
		0503A9612B251D4E003CF2B5 /* Frameworks */ = {
			isa = PBXFrameworksBuildPhase;
			buildActionMask = 2147483647;
			files = (
			);
			runOnlyForDeploymentPostprocessing = 0;
		};
		0503A96B2B251D4E003CF2B5 /* Frameworks */ = {
			isa = PBXFrameworksBuildPhase;
			buildActionMask = 2147483647;
			files = (
			);
			runOnlyForDeploymentPostprocessing = 0;
		};
/* End PBXFrameworksBuildPhase section */

/* Begin PBXGroup section */
		0503A94B2B251D4C003CF2B5 = {
			isa = PBXGroup;
			children = (
				0503A9562B251D4C003CF2B5 /* Concentration */,
				0503A9672B251D4E003CF2B5 /* ConcentrationTests */,
				0503A9712B251D4E003CF2B5 /* ConcentrationUITests */,
				0503A9552B251D4C003CF2B5 /* Products */,
			);
			sourceTree = "<group>";
		};
		0503A9552B251D4C003CF2B5 /* Products */ = {
			isa = PBXGroup;
			children = (
				0503A9542B251D4C003CF2B5 /* Concentration.app */,
				0503A9642B251D4E003CF2B5 /* ConcentrationTests.xctest */,
				0503A96E2B251D4E003CF2B5 /* ConcentrationUITests.xctest */,
			);
			name = Products;
			sourceTree = "<group>";
		};
		0503A9562B251D4C003CF2B5 /* Concentration */ = {
			isa = PBXGroup;
			children = (
				0503A9572B251D4C003CF2B5 /* ConcentrationApp.swift */,
				0503A9592B251D4C003CF2B5 /* ContentView.swift */,
				0503A95B2B251D4E003CF2B5 /* Assets.xcassets */,
				0503A95D2B251D4E003CF2B5 /* Preview Content */,
			);
			path = Concentration;
			sourceTree = "<group>";
		};
		0503A95D2B251D4E003CF2B5 /* Preview Content */ = {
			isa = PBXGroup;
			children = (
				0503A95E2B251D4E003CF2B5 /* Preview Assets.xcassets */,
			);
			path = "Preview Content";
			sourceTree = "<group>";
		};
		0503A9672B251D4E003CF2B5 /* ConcentrationTests */ = {
			isa = PBXGroup;
			children = (
				0503A9682B251D4E003CF2B5 /* ConcentrationTests.swift */,
			);
			path = ConcentrationTests;
			sourceTree = "<group>";
		};
		0503A9712B251D4E003CF2B5 /* ConcentrationUITests */ = {
			isa = PBXGroup;
			children = (
				0503A9722B251D4E003CF2B5 /* ConcentrationUITests.swift */,
				0503A9742B251D4E003CF2B5 /* ConcentrationUITestsLaunchTests.swift */,
			);
			path = ConcentrationUITests;
			sourceTree = "<group>";
		};
/* End PBXGroup section */

/* Begin PBXNativeTarget section */
		0503A9532B251D4C003CF2B5 /* Concentration */ = {
			isa = PBXNativeTarget;
			buildConfigurationList = 0503A9782B251D4E003CF2B5 /* Build configuration list for PBXNativeTarget "Concentration" */;
			buildPhases = (
				0503A9502B251D4C003CF2B5 /* Sources */,
				0503A9512B251D4C003CF2B5 /* Frameworks */,
				0503A9522B251D4C003CF2B5 /* Resources */,
			);
			buildRules = (
			);
			dependencies = (
			);
			name = Concentration;
			productName = Concentration;
			productReference = 0503A9542B251D4C003CF2B5 /* Concentration.app */;
			productType = "com.apple.product-type.application";
		};
		0503A9632B251D4E003CF2B5 /* ConcentrationTests */ = {
			isa = PBXNativeTarget;
			buildConfigurationList = 0503A97B2B251D4E003CF2B5 /* Build configuration list for PBXNativeTarget "ConcentrationTests" */;
			buildPhases = (
				0503A9602B251D4E003CF2B5 /* Sources */,
				0503A9612B251D4E003CF2B5 /* Frameworks */,
				0503A9622B251D4E003CF2B5 /* Resources */,
			);
			buildRules = (
			);
			dependencies = (
				0503A9662B251D4E003CF2B5 /* PBXTargetDependency */,
			);
			name = ConcentrationTests;
			productName = ConcentrationTests;
			productReference = 0503A9642B251D4E003CF2B5 /* ConcentrationTests.xctest */;
			productType = "com.apple.product-type.bundle.unit-test";
		};
		0503A96D2B251D4E003CF2B5 /* ConcentrationUITests */ = {
			isa = PBXNativeTarget;
			buildConfigurationList = 0503A97E2B251D4E003CF2B5 /* Build configuration list for PBXNativeTarget "ConcentrationUITests" */;
			buildPhases = (
				0503A96A2B251D4E003CF2B5 /* Sources */,
				0503A96B2B251D4E003CF2B5 /* Frameworks */,
				0503A96C2B251D4E003CF2B5 /* Resources */,
			);
			buildRules = (
			);
			dependencies = (
				0503A9702B251D4E003CF2B5 /* PBXTargetDependency */,
			);
			name = ConcentrationUITests;
			productName = ConcentrationUITests;
			productReference = 0503A96E2B251D4E003CF2B5 /* ConcentrationUITests.xctest */;
			productType = "com.apple.product-type.bundle.ui-testing";
		};
/* End PBXNativeTarget section */

/* Begin PBXProject section */
		0503A94C2B251D4C003CF2B5 /* Project object */ = {
			isa = PBXProject;
			attributes = {
				BuildIndependentTargetsInParallel = 1;
				LastSwiftUpdateCheck = 1420;
				LastUpgradeCheck = 1420;
				TargetAttributes = {
					0503A9532B251D4C003CF2B5 = {
						CreatedOnToolsVersion = 14.2;
					};
					0503A9632B251D4E003CF2B5 = {
						CreatedOnToolsVersion = 14.2;
						TestTargetID = 0503A9532B251D4C003CF2B5;
					};
					0503A96D2B251D4E003CF2B5 = {
						CreatedOnToolsVersion = 14.2;
						TestTargetID = 0503A9532B251D4C003CF2B5;
					};
				};
			};
			buildConfigurationList = 0503A94F2B251D4C003CF2B5 /* Build configuration list for PBXProject "Concentration" */;
			compatibilityVersion = "Xcode 14.0";
			developmentRegion = en;
			hasScannedForEncodings = 0;
			knownRegions = (
				en,
				Base,
			);
			mainGroup = 0503A94B2B251D4C003CF2B5;
			productRefGroup = 0503A9552B251D4C003CF2B5 /* Products */;
			projectDirPath = "";
			projectRoot = "";
			targets = (
				0503A9532B251D4C003CF2B5 /* Concentration */,
				0503A9632B251D4E003CF2B5 /* ConcentrationTests */,
				0503A96D2B251D4E003CF2B5 /* ConcentrationUITests */,
			);
		};
/* End PBXProject section */

/* Begin PBXResourcesBuildPhase section */
		0503A9522B251D4C003CF2B5 /* Resources */ = {
			isa = PBXResourcesBuildPhase;
			buildActionMask = 2147483647;
			files = (
				0503A95F2B251D4E003CF2B5 /* Preview Assets.xcassets in Resources */,
				0503A95C2B251D4E003CF2B5 /* Assets.xcassets in Resources */,
			);
			runOnlyForDeploymentPostprocessing = 0;
		};
		0503A9622B251D4E003CF2B5 /* Resources */ = {
			isa = PBXResourcesBuildPhase;
			buildActionMask = 2147483647;
			files = (
			);
			runOnlyForDeploymentPostprocessing = 0;
		};
		0503A96C2B251D4E003CF2B5 /* Resources */ = {
			isa = PBXResourcesBuildPhase;
			buildActionMask = 2147483647;
			files = (
			);
			runOnlyForDeploymentPostprocessing = 0;
		};
/* End PBXResourcesBuildPhase section */

/* Begin PBXSourcesBuildPhase section */
		0503A9502B251D4C003CF2B5 /* Sources */ = {
			isa = PBXSourcesBuildPhase;
			buildActionMask = 2147483647;
			files = (
				0503A95A2B251D4C003CF2B5 /* ContentView.swift in Sources */,
				0503A9582B251D4C003CF2B5 /* ConcentrationApp.swift in Sources */,
			);
			runOnlyForDeploymentPostprocessing = 0;
		};
		0503A9602B251D4E003CF2B5 /* Sources */ = {
			isa = PBXSourcesBuildPhase;
			buildActionMask = 2147483647;
			files = (
				0503A9692B251D4E003CF2B5 /* ConcentrationTests.swift in Sources */,
			);
			runOnlyForDeploymentPostprocessing = 0;
		};
		0503A96A2B251D4E003CF2B5 /* Sources */ = {
			isa = PBXSourcesBuildPhase;
			buildActionMask = 2147483647;
			files = (
				0503A9752B251D4E003CF2B5 /* ConcentrationUITestsLaunchTests.swift in Sources */,
				0503A9732B251D4E003CF2B5 /* ConcentrationUITests.swift in Sources */,
			);
			runOnlyForDeploymentPostprocessing = 0;
		};
/* End PBXSourcesBuildPhase section */

/* Begin PBXTargetDependency section */
		0503A9662B251D4E003CF2B5 /* PBXTargetDependency */ = {
			isa = PBXTargetDependency;
			target = 0503A9532B251D4C003CF2B5 /* Concentration */;
			targetProxy = 0503A9652B251D4E003CF2B5 /* PBXContainerItemProxy */;
		};
		0503A9702B251D4E003CF2B5 /* PBXTargetDependency */ = {
			isa = PBXTargetDependency;
			target = 0503A9532B251D4C003CF2B5 /* Concentration */;
			targetProxy = 0503A96F2B251D4E003CF2B5 /* PBXContainerItemProxy */;
		};
/* End PBXTargetDependency section */

/* Begin XCBuildConfiguration section */
		0503A9762B251D4E003CF2B5 /* Debug */ = {
			isa = XCBuildConfiguration;
			buildSettings = {
				ALWAYS_SEARCH_USER_PATHS = NO;
				CLANG_ANALYZER_NONNULL = YES;
				CLANG_ANALYZER_NUMBER_OBJECT_CONVERSION = YES_AGGRESSIVE;
				CLANG_CXX_LANGUAGE_STANDARD = "gnu++20";
				CLANG_ENABLE_MODULES = YES;
				CLANG_ENABLE_OBJC_ARC = YES;
				CLANG_ENABLE_OBJC_WEAK = YES;
				CLANG_WARN_BLOCK_CAPTURE_AUTORELEASING = YES;
				CLANG_WARN_BOOL_CONVERSION = YES;
				CLANG_WARN_COMMA = YES;
				CLANG_WARN_CONSTANT_CONVERSION = YES;
				CLANG_WARN_DEPRECATED_OBJC_IMPLEMENTATIONS = YES;
				CLANG_WARN_DIRECT_OBJC_ISA_USAGE = YES_ERROR;
				CLANG_WARN_DOCUMENTATION_COMMENTS = YES;
				CLANG_WARN_EMPTY_BODY = YES;
				CLANG_WARN_ENUM_CONVERSION = YES;
				CLANG_WARN_INFINITE_RECURSION = YES;
				CLANG_WARN_INT_CONVERSION = YES;
				CLANG_WARN_NON_LITERAL_NULL_CONVERSION = YES;
				CLANG_WARN_OBJC_IMPLICIT_RETAIN_SELF = YES;
				CLANG_WARN_OBJC_LITERAL_CONVERSION = YES;
				CLANG_WARN_OBJC_ROOT_CLASS = YES_ERROR;
				CLANG_WARN_QUOTED_INCLUDE_IN_FRAMEWORK_HEADER = YES;
				CLANG_WARN_RANGE_LOOP_ANALYSIS = YES;
				CLANG_WARN_STRICT_PROTOTYPES = YES;
				CLANG_WARN_SUSPICIOUS_MOVE = YES;
				CLANG_WARN_UNGUARDED_AVAILABILITY = YES_AGGRESSIVE;
				CLANG_WARN_UNREACHABLE_CODE = YES;
				CLANG_WARN__DUPLICATE_METHOD_MATCH = YES;
				COPY_PHASE_STRIP = NO;
				DEBUG_INFORMATION_FORMAT = dwarf;
				ENABLE_STRICT_OBJC_MSGSEND = YES;
				ENABLE_TESTABILITY = YES;
				GCC_C_LANGUAGE_STANDARD = gnu11;
				GCC_DYNAMIC_NO_PIC = NO;
				GCC_NO_COMMON_BLOCKS = YES;
				GCC_OPTIMIZATION_LEVEL = 0;
				GCC_PREPROCESSOR_DEFINITIONS = (
					"DEBUG=1",
					"$(inherited)",
				);
				GCC_WARN_64_TO_32_BIT_CONVERSION = YES;
				GCC_WARN_ABOUT_RETURN_TYPE = YES_ERROR;
				GCC_WARN_UNDECLARED_SELECTOR = YES;
				GCC_WARN_UNINITIALIZED_AUTOS = YES_AGGRESSIVE;
				GCC_WARN_UNUSED_FUNCTION = YES;
				GCC_WARN_UNUSED_VARIABLE = YES;
				IPHONEOS_DEPLOYMENT_TARGET = 16.2;
				MTL_ENABLE_DEBUG_INFO = INCLUDE_SOURCE;
				MTL_FAST_MATH = YES;
				ONLY_ACTIVE_ARCH = YES;
				SDKROOT = iphoneos;
				SWIFT_ACTIVE_COMPILATION_CONDITIONS = DEBUG;
				SWIFT_OPTIMIZATION_LEVEL = "-Onone";
			};
			name = Debug;
		};
		0503A9772B251D4E003CF2B5 /* Release */ = {
			isa = XCBuildConfiguration;
			buildSettings = {
				ALWAYS_SEARCH_USER_PATHS = NO;
				CLANG_ANALYZER_NONNULL = YES;
				CLANG_ANALYZER_NUMBER_OBJECT_CONVERSION = YES_AGGRESSIVE;
				CLANG_CXX_LANGUAGE_STANDARD = "gnu++20";
				CLANG_ENABLE_MODULES = YES;
				CLANG_ENABLE_OBJC_ARC = YES;
				CLANG_ENABLE_OBJC_WEAK = YES;
				CLANG_WARN_BLOCK_CAPTURE_AUTORELEASING = YES;
				CLANG_WARN_BOOL_CONVERSION = YES;
				CLANG_WARN_COMMA = YES;
				CLANG_WARN_CONSTANT_CONVERSION = YES;
				CLANG_WARN_DEPRECATED_OBJC_IMPLEMENTATIONS = YES;
				CLANG_WARN_DIRECT_OBJC_ISA_USAGE = YES_ERROR;
				CLANG_WARN_DOCUMENTATION_COMMENTS = YES;
				CLANG_WARN_EMPTY_BODY = YES;
				CLANG_WARN_ENUM_CONVERSION = YES;
				CLANG_WARN_INFINITE_RECURSION = YES;
				CLANG_WARN_INT_CONVERSION = YES;
				CLANG_WARN_NON_LITERAL_NULL_CONVERSION = YES;
				CLANG_WARN_OBJC_IMPLICIT_RETAIN_SELF = YES;
				CLANG_WARN_OBJC_LITERAL_CONVERSION = YES;
				CLANG_WARN_OBJC_ROOT_CLASS = YES_ERROR;
				CLANG_WARN_QUOTED_INCLUDE_IN_FRAMEWORK_HEADER = YES;
				CLANG_WARN_RANGE_LOOP_ANALYSIS = YES;
				CLANG_WARN_STRICT_PROTOTYPES = YES;
				CLANG_WARN_SUSPICIOUS_MOVE = YES;
				CLANG_WARN_UNGUARDED_AVAILABILITY = YES_AGGRESSIVE;
				CLANG_WARN_UNREACHABLE_CODE = YES;
				CLANG_WARN__DUPLICATE_METHOD_MATCH = YES;
				COPY_PHASE_STRIP = NO;
				DEBUG_INFORMATION_FORMAT = "dwarf-with-dsym";
				ENABLE_NS_ASSERTIONS = NO;
				ENABLE_STRICT_OBJC_MSGSEND = YES;
				GCC_C_LANGUAGE_STANDARD = gnu11;
				GCC_NO_COMMON_BLOCKS = YES;
				GCC_WARN_64_TO_32_BIT_CONVERSION = YES;
				GCC_WARN_ABOUT_RETURN_TYPE = YES_ERROR;
				GCC_WARN_UNDECLARED_SELECTOR = YES;
				GCC_WARN_UNINITIALIZED_AUTOS = YES_AGGRESSIVE;
				GCC_WARN_UNUSED_FUNCTION = YES;
				GCC_WARN_UNUSED_VARIABLE = YES;
				IPHONEOS_DEPLOYMENT_TARGET = 16.2;
				MTL_ENABLE_DEBUG_INFO = NO;
				MTL_FAST_MATH = YES;
				SDKROOT = iphoneos;
				SWIFT_COMPILATION_MODE = wholemodule;
				SWIFT_OPTIMIZATION_LEVEL = "-O";
				VALIDATE_PRODUCT = YES;
			};
			name = Release;
		};
		0503A9792B251D4E003CF2B5 /* Debug */ = {
			isa = XCBuildConfiguration;
			buildSettings = {
				ASSETCATALOG_COMPILER_APPICON_NAME = AppIcon;
				ASSETCATALOG_COMPILER_GLOBAL_ACCENT_COLOR_NAME = AccentColor;
				CODE_SIGN_STYLE = Automatic;
				CURRENT_PROJECT_VERSION = 1;
				DEVELOPMENT_ASSET_PATHS = "\"Concentration/Preview Content\"";
				DEVELOPMENT_TEAM = Z3VPV4Z366;
				ENABLE_PREVIEWS = YES;
				GENERATE_INFOPLIST_FILE = YES;
				INFOPLIST_KEY_UIApplicationSceneManifest_Generation = YES;
				INFOPLIST_KEY_UIApplicationSupportsIndirectInputEvents = YES;
				INFOPLIST_KEY_UILaunchScreen_Generation = YES;
				INFOPLIST_KEY_UISupportedInterfaceOrientations_iPad = "UIInterfaceOrientationPortrait UIInterfaceOrientationPortraitUpsideDown UIInterfaceOrientationLandscapeLeft UIInterfaceOrientationLandscapeRight";
				INFOPLIST_KEY_UISupportedInterfaceOrientations_iPhone = "UIInterfaceOrientationPortrait UIInterfaceOrientationLandscapeLeft UIInterfaceOrientationLandscapeRight";
				LD_RUNPATH_SEARCH_PATHS = (
					"$(inherited)",
					"@executable_path/Frameworks",
				);
				MARKETING_VERSION = 1.0;
				PRODUCT_BUNDLE_IDENTIFIER = com.endobit.Concentration;
				PRODUCT_NAME = "$(TARGET_NAME)";
				SWIFT_EMIT_LOC_STRINGS = YES;
				SWIFT_VERSION = 5.0;
				TARGETED_DEVICE_FAMILY = "1,2";
			};
			name = Debug;
		};
		0503A97A2B251D4E003CF2B5 /* Release */ = {
			isa = XCBuildConfiguration;
			buildSettings = {
				ASSETCATALOG_COMPILER_APPICON_NAME = AppIcon;
				ASSETCATALOG_COMPILER_GLOBAL_ACCENT_COLOR_NAME = AccentColor;
				CODE_SIGN_STYLE = Automatic;
				CURRENT_PROJECT_VERSION = 1;
				DEVELOPMENT_ASSET_PATHS = "\"Concentration/Preview Content\"";
				DEVELOPMENT_TEAM = Z3VPV4Z366;
				ENABLE_PREVIEWS = YES;
				GENERATE_INFOPLIST_FILE = YES;
				INFOPLIST_KEY_UIApplicationSceneManifest_Generation = YES;
				INFOPLIST_KEY_UIApplicationSupportsIndirectInputEvents = YES;
				INFOPLIST_KEY_UILaunchScreen_Generation = YES;
				INFOPLIST_KEY_UISupportedInterfaceOrientations_iPad = "UIInterfaceOrientationPortrait UIInterfaceOrientationPortraitUpsideDown UIInterfaceOrientationLandscapeLeft UIInterfaceOrientationLandscapeRight";
				INFOPLIST_KEY_UISupportedInterfaceOrientations_iPhone = "UIInterfaceOrientationPortrait UIInterfaceOrientationLandscapeLeft UIInterfaceOrientationLandscapeRight";
				LD_RUNPATH_SEARCH_PATHS = (
					"$(inherited)",
					"@executable_path/Frameworks",
				);
				MARKETING_VERSION = 1.0;
				PRODUCT_BUNDLE_IDENTIFIER = com.endobit.Concentration;
				PRODUCT_NAME = "$(TARGET_NAME)";
				SWIFT_EMIT_LOC_STRINGS = YES;
				SWIFT_VERSION = 5.0;
				TARGETED_DEVICE_FAMILY = "1,2";
			};
			name = Release;
		};
		0503A97C2B251D4E003CF2B5 /* Debug */ = {
			isa = XCBuildConfiguration;
			buildSettings = {
				ALWAYS_EMBED_SWIFT_STANDARD_LIBRARIES = YES;
				BUNDLE_LOADER = "$(TEST_HOST)";
				CODE_SIGN_STYLE = Automatic;
				CURRENT_PROJECT_VERSION = 1;
				DEVELOPMENT_TEAM = Z3VPV4Z366;
				GENERATE_INFOPLIST_FILE = YES;
				IPHONEOS_DEPLOYMENT_TARGET = 16.2;
				MARKETING_VERSION = 1.0;
				PRODUCT_BUNDLE_IDENTIFIER = com.endobit.ConcentrationTests;
				PRODUCT_NAME = "$(TARGET_NAME)";
				SWIFT_EMIT_LOC_STRINGS = NO;
				SWIFT_VERSION = 5.0;
				TARGETED_DEVICE_FAMILY = "1,2";
				TEST_HOST = "$(BUILT_PRODUCTS_DIR)/Concentration.app/$(BUNDLE_EXECUTABLE_FOLDER_PATH)/Concentration";
			};
			name = Debug;
		};
		0503A97D2B251D4E003CF2B5 /* Release */ = {
			isa = XCBuildConfiguration;
			buildSettings = {
				ALWAYS_EMBED_SWIFT_STANDARD_LIBRARIES = YES;
				BUNDLE_LOADER = "$(TEST_HOST)";
				CODE_SIGN_STYLE = Automatic;
				CURRENT_PROJECT_VERSION = 1;
				DEVELOPMENT_TEAM = Z3VPV4Z366;
				GENERATE_INFOPLIST_FILE = YES;
				IPHONEOS_DEPLOYMENT_TARGET = 16.2;
				MARKETING_VERSION = 1.0;
				PRODUCT_BUNDLE_IDENTIFIER = com.endobit.ConcentrationTests;
				PRODUCT_NAME = "$(TARGET_NAME)";
				SWIFT_EMIT_LOC_STRINGS = NO;
				SWIFT_VERSION = 5.0;
				TARGETED_DEVICE_FAMILY = "1,2";
				TEST_HOST = "$(BUILT_PRODUCTS_DIR)/Concentration.app/$(BUNDLE_EXECUTABLE_FOLDER_PATH)/Concentration";
			};
			name = Release;
		};
		0503A97F2B251D4E003CF2B5 /* Debug */ = {
			isa = XCBuildConfiguration;
			buildSettings = {
				ALWAYS_EMBED_SWIFT_STANDARD_LIBRARIES = YES;
				CODE_SIGN_STYLE = Automatic;
				CURRENT_PROJECT_VERSION = 1;
				DEVELOPMENT_TEAM = Z3VPV4Z366;
				GENERATE_INFOPLIST_FILE = YES;
				MARKETING_VERSION = 1.0;
				PRODUCT_BUNDLE_IDENTIFIER = com.endobit.ConcentrationUITests;
				PRODUCT_NAME = "$(TARGET_NAME)";
				SWIFT_EMIT_LOC_STRINGS = NO;
				SWIFT_VERSION = 5.0;
				TARGETED_DEVICE_FAMILY = "1,2";
				TEST_TARGET_NAME = Concentration;
			};
			name = Debug;
		};
		0503A9802B251D4E003CF2B5 /* Release */ = {
			isa = XCBuildConfiguration;
			buildSettings = {
				ALWAYS_EMBED_SWIFT_STANDARD_LIBRARIES = YES;
				CODE_SIGN_STYLE = Automatic;
				CURRENT_PROJECT_VERSION = 1;
				DEVELOPMENT_TEAM = Z3VPV4Z366;
				GENERATE_INFOPLIST_FILE = YES;
				MARKETING_VERSION = 1.0;
				PRODUCT_BUNDLE_IDENTIFIER = com.endobit.ConcentrationUITests;
				PRODUCT_NAME = "$(TARGET_NAME)";
				SWIFT_EMIT_LOC_STRINGS = NO;
				SWIFT_VERSION = 5.0;
				TARGETED_DEVICE_FAMILY = "1,2";
				TEST_TARGET_NAME = Concentration;
			};
			name = Release;
		};
/* End XCBuildConfiguration section */

/* Begin XCConfigurationList section */
		0503A94F2B251D4C003CF2B5 /* Build configuration list for PBXProject "Concentration" */ = {
			isa = XCConfigurationList;
			buildConfigurations = (
				0503A9762B251D4E003CF2B5 /* Debug */,
				0503A9772B251D4E003CF2B5 /* Release */,
			);
			defaultConfigurationIsVisible = 0;
			defaultConfigurationName = Release;
		};
		0503A9782B251D4E003CF2B5 /* Build configuration list for PBXNativeTarget "Concentration" */ = {
			isa = XCConfigurationList;
			buildConfigurations = (
				0503A9792B251D4E003CF2B5 /* Debug */,
				0503A97A2B251D4E003CF2B5 /* Release */,
			);
			defaultConfigurationIsVisible = 0;
			defaultConfigurationName = Release;
		};
		0503A97B2B251D4E003CF2B5 /* Build configuration list for PBXNativeTarget "ConcentrationTests" */ = {
			isa = XCConfigurationList;
			buildConfigurations = (
				0503A97C2B251D4E003CF2B5 /* Debug */,
				0503A97D2B251D4E003CF2B5 /* Release */,
			);
			defaultConfigurationIsVisible = 0;
			defaultConfigurationName = Release;
		};
		0503A97E2B251D4E003CF2B5 /* Build configuration list for PBXNativeTarget "ConcentrationUITests" */ = {
			isa = XCConfigurationList;
			buildConfigurations = (
				0503A97F2B251D4E003CF2B5 /* Debug */,
				0503A9802B251D4E003CF2B5 /* Release */,
			);
			defaultConfigurationIsVisible = 0;
			defaultConfigurationName = Release;
		};
/* End XCConfigurationList section */
	};
	rootObject = 0503A94C2B251D4C003CF2B5 /* Project object */;
}
