// !$*UTF8*$!
{
	archiveVersion = 1;
	classes = {
	};
	objectVersion = 50;
	objects = {

/* Begin PBXBuildFile section */
		055E73BF22A48A23001399CF /* AppDelegate.swift in Sources */ = {isa = PBXBuildFile; fileRef = 055E73BE22A48A23001399CF /* AppDelegate.swift */; };
		055E73C122A48A23001399CF /* ViewController.swift in Sources */ = {isa = PBXBuildFile; fileRef = 055E73C022A48A23001399CF /* ViewController.swift */; };
		055E73C422A48A23001399CF /* Main.storyboard in Resources */ = {isa = PBXBuildFile; fileRef = 055E73C222A48A23001399CF /* Main.storyboard */; };
		055E73C722A48A23001399CF /* concentration.xcdatamodeld in Sources */ = {isa = PBXBuildFile; fileRef = 055E73C522A48A23001399CF /* concentration.xcdatamodeld */; };
		055E73C922A48A24001399CF /* Assets.xcassets in Resources */ = {isa = PBXBuildFile; fileRef = 055E73C822A48A24001399CF /* Assets.xcassets */; };
		055E73CC22A48A24001399CF /* LaunchScreen.storyboard in Resources */ = {isa = PBXBuildFile; fileRef = 055E73CA22A48A24001399CF /* LaunchScreen.storyboard */; };
		055E73D722A48A24001399CF /* concentrationTests.swift in Sources */ = {isa = PBXBuildFile; fileRef = 055E73D622A48A24001399CF /* concentrationTests.swift */; };
		055E73E222A48A25001399CF /* concentrationUITests.swift in Sources */ = {isa = PBXBuildFile; fileRef = 055E73E122A48A25001399CF /* concentrationUITests.swift */; };
/* End PBXBuildFile section */

/* Begin PBXContainerItemProxy section */
		055E73D322A48A24001399CF /* PBXContainerItemProxy */ = {
			isa = PBXContainerItemProxy;
			containerPortal = 055E73B322A48A23001399CF /* Project object */;
			proxyType = 1;
			remoteGlobalIDString = 055E73BA22A48A23001399CF;
			remoteInfo = concentration;
		};
		055E73DE22A48A24001399CF /* PBXContainerItemProxy */ = {
			isa = PBXContainerItemProxy;
			containerPortal = 055E73B322A48A23001399CF /* Project object */;
			proxyType = 1;
			remoteGlobalIDString = 055E73BA22A48A23001399CF;
			remoteInfo = concentration;
		};
/* End PBXContainerItemProxy section */

/* Begin PBXFileReference section */
		055E73BB22A48A23001399CF /* concentration.app */ = {isa = PBXFileReference; explicitFileType = wrapper.application; includeInIndex = 0; path = concentration.app; sourceTree = BUILT_PRODUCTS_DIR; };
		055E73BE22A48A23001399CF /* AppDelegate.swift */ = {isa = PBXFileReference; lastKnownFileType = sourcecode.swift; path = AppDelegate.swift; sourceTree = "<group>"; };
		055E73C022A48A23001399CF /* ViewController.swift */ = {isa = PBXFileReference; lastKnownFileType = sourcecode.swift; path = ViewController.swift; sourceTree = "<group>"; };
		055E73C322A48A23001399CF /* Base */ = {isa = PBXFileReference; lastKnownFileType = file.storyboard; name = Base; path = Base.lproj/Main.storyboard; sourceTree = "<group>"; };
		055E73C622A48A23001399CF /* concentration.xcdatamodel */ = {isa = PBXFileReference; lastKnownFileType = wrapper.xcdatamodel; path = concentration.xcdatamodel; sourceTree = "<group>"; };
		055E73C822A48A24001399CF /* Assets.xcassets */ = {isa = PBXFileReference; lastKnownFileType = folder.assetcatalog; path = Assets.xcassets; sourceTree = "<group>"; };
		055E73CB22A48A24001399CF /* Base */ = {isa = PBXFileReference; lastKnownFileType = file.storyboard; name = Base; path = Base.lproj/LaunchScreen.storyboard; sourceTree = "<group>"; };
		055E73CD22A48A24001399CF /* Info.plist */ = {isa = PBXFileReference; lastKnownFileType = text.plist.xml; path = Info.plist; sourceTree = "<group>"; };
		055E73D222A48A24001399CF /* concentrationTests.xctest */ = {isa = PBXFileReference; explicitFileType = wrapper.cfbundle; includeInIndex = 0; path = concentrationTests.xctest; sourceTree = BUILT_PRODUCTS_DIR; };
		055E73D622A48A24001399CF /* concentrationTests.swift */ = {isa = PBXFileReference; lastKnownFileType = sourcecode.swift; path = concentrationTests.swift; sourceTree = "<group>"; };
		055E73D822A48A24001399CF /* Info.plist */ = {isa = PBXFileReference; lastKnownFileType = text.plist.xml; path = Info.plist; sourceTree = "<group>"; };
		055E73DD22A48A24001399CF /* concentrationUITests.xctest */ = {isa = PBXFileReference; explicitFileType = wrapper.cfbundle; includeInIndex = 0; path = concentrationUITests.xctest; sourceTree = BUILT_PRODUCTS_DIR; };
		055E73E122A48A25001399CF /* concentrationUITests.swift */ = {isa = PBXFileReference; lastKnownFileType = sourcecode.swift; path = concentrationUITests.swift; sourceTree = "<group>"; };
		055E73E322A48A25001399CF /* Info.plist */ = {isa = PBXFileReference; lastKnownFileType = text.plist.xml; path = Info.plist; sourceTree = "<group>"; };
/* End PBXFileReference section */

/* Begin PBXFrameworksBuildPhase section */
		055E73B822A48A23001399CF /* Frameworks */ = {
			isa = PBXFrameworksBuildPhase;
			buildActionMask = 2147483647;
			files = (
			);
			runOnlyForDeploymentPostprocessing = 0;
		};
		055E73CF22A48A24001399CF /* Frameworks */ = {
			isa = PBXFrameworksBuildPhase;
			buildActionMask = 2147483647;
			files = (
			);
			runOnlyForDeploymentPostprocessing = 0;
		};
		055E73DA22A48A24001399CF /* Frameworks */ = {
			isa = PBXFrameworksBuildPhase;
			buildActionMask = 2147483647;
			files = (
			);
			runOnlyForDeploymentPostprocessing = 0;
		};
/* End PBXFrameworksBuildPhase section */

/* Begin PBXGroup section */
		055E73B222A48A23001399CF = {
			isa = PBXGroup;
			children = (
				055E73BD22A48A23001399CF /* concentration */,
				055E73D522A48A24001399CF /* concentrationTests */,
				055E73E022A48A25001399CF /* concentrationUITests */,
				055E73BC22A48A23001399CF /* Products */,
			);
			sourceTree = "<group>";
		};
		055E73BC22A48A23001399CF /* Products */ = {
			isa = PBXGroup;
			children = (
				055E73BB22A48A23001399CF /* concentration.app */,
				055E73D222A48A24001399CF /* concentrationTests.xctest */,
				055E73DD22A48A24001399CF /* concentrationUITests.xctest */,
			);
			name = Products;
			sourceTree = "<group>";
		};
		055E73BD22A48A23001399CF /* concentration */ = {
			isa = PBXGroup;
			children = (
				055E73BE22A48A23001399CF /* AppDelegate.swift */,
				055E73C022A48A23001399CF /* ViewController.swift */,
				055E73C222A48A23001399CF /* Main.storyboard */,
				055E73C822A48A24001399CF /* Assets.xcassets */,
				055E73CA22A48A24001399CF /* LaunchScreen.storyboard */,
				055E73CD22A48A24001399CF /* Info.plist */,
				055E73C522A48A23001399CF /* concentration.xcdatamodeld */,
			);
			path = concentration;
			sourceTree = "<group>";
		};
		055E73D522A48A24001399CF /* concentrationTests */ = {
			isa = PBXGroup;
			children = (
				055E73D622A48A24001399CF /* concentrationTests.swift */,
				055E73D822A48A24001399CF /* Info.plist */,
			);
			path = concentrationTests;
			sourceTree = "<group>";
		};
		055E73E022A48A25001399CF /* concentrationUITests */ = {
			isa = PBXGroup;
			children = (
				055E73E122A48A25001399CF /* concentrationUITests.swift */,
				055E73E322A48A25001399CF /* Info.plist */,
			);
			path = concentrationUITests;
			sourceTree = "<group>";
		};
/* End PBXGroup section */

/* Begin PBXNativeTarget section */
		055E73BA22A48A23001399CF /* concentration */ = {
			isa = PBXNativeTarget;
			buildConfigurationList = 055E73E622A48A25001399CF /* Build configuration list for PBXNativeTarget "concentration" */;
			buildPhases = (
				055E73B722A48A23001399CF /* Sources */,
				055E73B822A48A23001399CF /* Frameworks */,
				055E73B922A48A23001399CF /* Resources */,
			);
			buildRules = (
			);
			dependencies = (
			);
			name = concentration;
			productName = concentration;
			productReference = 055E73BB22A48A23001399CF /* concentration.app */;
			productType = "com.apple.product-type.application";
		};
		055E73D122A48A24001399CF /* concentrationTests */ = {
			isa = PBXNativeTarget;
			buildConfigurationList = 055E73E922A48A25001399CF /* Build configuration list for PBXNativeTarget "concentrationTests" */;
			buildPhases = (
				055E73CE22A48A24001399CF /* Sources */,
				055E73CF22A48A24001399CF /* Frameworks */,
				055E73D022A48A24001399CF /* Resources */,
			);
			buildRules = (
			);
			dependencies = (
				055E73D422A48A24001399CF /* PBXTargetDependency */,
			);
			name = concentrationTests;
			productName = concentrationTests;
			productReference = 055E73D222A48A24001399CF /* concentrationTests.xctest */;
			productType = "com.apple.product-type.bundle.unit-test";
		};
		055E73DC22A48A24001399CF /* concentrationUITests */ = {
			isa = PBXNativeTarget;
			buildConfigurationList = 055E73EC22A48A25001399CF /* Build configuration list for PBXNativeTarget "concentrationUITests" */;
			buildPhases = (
				055E73D922A48A24001399CF /* Sources */,
				055E73DA22A48A24001399CF /* Frameworks */,
				055E73DB22A48A24001399CF /* Resources */,
			);
			buildRules = (
			);
			dependencies = (
				055E73DF22A48A24001399CF /* PBXTargetDependency */,
			);
			name = concentrationUITests;
			productName = concentrationUITests;
			productReference = 055E73DD22A48A24001399CF /* concentrationUITests.xctest */;
			productType = "com.apple.product-type.bundle.ui-testing";
		};
/* End PBXNativeTarget section */

/* Begin PBXProject section */
		055E73B322A48A23001399CF /* Project object */ = {
			isa = PBXProject;
			attributes = {
				LastSwiftUpdateCheck = 1020;
				LastUpgradeCheck = 1020;
				ORGANIZATIONNAME = "Mason Katz";
				TargetAttributes = {
					055E73BA22A48A23001399CF = {
						CreatedOnToolsVersion = 10.2.1;
					};
					055E73D122A48A24001399CF = {
						CreatedOnToolsVersion = 10.2.1;
						TestTargetID = 055E73BA22A48A23001399CF;
					};
					055E73DC22A48A24001399CF = {
						CreatedOnToolsVersion = 10.2.1;
						TestTargetID = 055E73BA22A48A23001399CF;
					};
				};
			};
			buildConfigurationList = 055E73B622A48A23001399CF /* Build configuration list for PBXProject "concentration" */;
			compatibilityVersion = "Xcode 9.3";
			developmentRegion = en;
			hasScannedForEncodings = 0;
			knownRegions = (
				en,
				Base,
			);
			mainGroup = 055E73B222A48A23001399CF;
			productRefGroup = 055E73BC22A48A23001399CF /* Products */;
			projectDirPath = "";
			projectRoot = "";
			targets = (
				055E73BA22A48A23001399CF /* concentration */,
				055E73D122A48A24001399CF /* concentrationTests */,
				055E73DC22A48A24001399CF /* concentrationUITests */,
			);
		};
/* End PBXProject section */

/* Begin PBXResourcesBuildPhase section */
		055E73B922A48A23001399CF /* Resources */ = {
			isa = PBXResourcesBuildPhase;
			buildActionMask = 2147483647;
			files = (
				055E73CC22A48A24001399CF /* LaunchScreen.storyboard in Resources */,
				055E73C922A48A24001399CF /* Assets.xcassets in Resources */,
				055E73C422A48A23001399CF /* Main.storyboard in Resources */,
			);
			runOnlyForDeploymentPostprocessing = 0;
		};
		055E73D022A48A24001399CF /* Resources */ = {
			isa = PBXResourcesBuildPhase;
			buildActionMask = 2147483647;
			files = (
			);
			runOnlyForDeploymentPostprocessing = 0;
		};
		055E73DB22A48A24001399CF /* Resources */ = {
			isa = PBXResourcesBuildPhase;
			buildActionMask = 2147483647;
			files = (
			);
			runOnlyForDeploymentPostprocessing = 0;
		};
/* End PBXResourcesBuildPhase section */

/* Begin PBXSourcesBuildPhase section */
		055E73B722A48A23001399CF /* Sources */ = {
			isa = PBXSourcesBuildPhase;
			buildActionMask = 2147483647;
			files = (
				055E73C722A48A23001399CF /* concentration.xcdatamodeld in Sources */,
				055E73C122A48A23001399CF /* ViewController.swift in Sources */,
				055E73BF22A48A23001399CF /* AppDelegate.swift in Sources */,
			);
			runOnlyForDeploymentPostprocessing = 0;
		};
		055E73CE22A48A24001399CF /* Sources */ = {
			isa = PBXSourcesBuildPhase;
			buildActionMask = 2147483647;
			files = (
				055E73D722A48A24001399CF /* concentrationTests.swift in Sources */,
			);
			runOnlyForDeploymentPostprocessing = 0;
		};
		055E73D922A48A24001399CF /* Sources */ = {
			isa = PBXSourcesBuildPhase;
			buildActionMask = 2147483647;
			files = (
				055E73E222A48A25001399CF /* concentrationUITests.swift in Sources */,
			);
			runOnlyForDeploymentPostprocessing = 0;
		};
/* End PBXSourcesBuildPhase section */

/* Begin PBXTargetDependency section */
		055E73D422A48A24001399CF /* PBXTargetDependency */ = {
			isa = PBXTargetDependency;
			target = 055E73BA22A48A23001399CF /* concentration */;
			targetProxy = 055E73D322A48A24001399CF /* PBXContainerItemProxy */;
		};
		055E73DF22A48A24001399CF /* PBXTargetDependency */ = {
			isa = PBXTargetDependency;
			target = 055E73BA22A48A23001399CF /* concentration */;
			targetProxy = 055E73DE22A48A24001399CF /* PBXContainerItemProxy */;
		};
/* End PBXTargetDependency section */

/* Begin PBXVariantGroup section */
		055E73C222A48A23001399CF /* Main.storyboard */ = {
			isa = PBXVariantGroup;
			children = (
				055E73C322A48A23001399CF /* Base */,
			);
			name = Main.storyboard;
			sourceTree = "<group>";
		};
		055E73CA22A48A24001399CF /* LaunchScreen.storyboard */ = {
			isa = PBXVariantGroup;
			children = (
				055E73CB22A48A24001399CF /* Base */,
			);
			name = LaunchScreen.storyboard;
			sourceTree = "<group>";
		};
/* End PBXVariantGroup section */

/* Begin XCBuildConfiguration section */
		055E73E422A48A25001399CF /* Debug */ = {
			isa = XCBuildConfiguration;
			buildSettings = {
				ALWAYS_SEARCH_USER_PATHS = NO;
				CLANG_ANALYZER_NONNULL = YES;
				CLANG_ANALYZER_NUMBER_OBJECT_CONVERSION = YES_AGGRESSIVE;
				CLANG_CXX_LANGUAGE_STANDARD = "gnu++14";
				CLANG_CXX_LIBRARY = "libc++";
				CLANG_ENABLE_MODULES = YES;
				CLANG_ENABLE_OBJC_ARC = YES;
				CLANG_ENABLE_OBJC_WEAK = YES;
				CLANG_WARN_BLOCK_CAPTURE_AUTORELEASING = YES;
				CLANG_WARN_BOOL_CONVERSION = YES;
				CLANG_WARN_COMMA = YES;
				CLANG_WARN_CONSTANT_CONVERSION = YES;
				CLANG_WARN_DEPRECATED_OBJC_IMPLEMENTATIONS = YES;
				CLANG_WARN_DIRECT_OBJC_ISA_USAGE = YES_ERROR;
				CLANG_WARN_DOCUMENTATION_COMMENTS = YES;
				CLANG_WARN_EMPTY_BODY = YES;
				CLANG_WARN_ENUM_CONVERSION = YES;
				CLANG_WARN_INFINITE_RECURSION = YES;
				CLANG_WARN_INT_CONVERSION = YES;
				CLANG_WARN_NON_LITERAL_NULL_CONVERSION = YES;
				CLANG_WARN_OBJC_IMPLICIT_RETAIN_SELF = YES;
				CLANG_WARN_OBJC_LITERAL_CONVERSION = YES;
				CLANG_WARN_OBJC_ROOT_CLASS = YES_ERROR;
				CLANG_WARN_RANGE_LOOP_ANALYSIS = YES;
				CLANG_WARN_STRICT_PROTOTYPES = YES;
				CLANG_WARN_SUSPICIOUS_MOVE = YES;
				CLANG_WARN_UNGUARDED_AVAILABILITY = YES_AGGRESSIVE;
				CLANG_WARN_UNREACHABLE_CODE = YES;
				CLANG_WARN__DUPLICATE_METHOD_MATCH = YES;
				CODE_SIGN_IDENTITY = "iPhone Developer";
				COPY_PHASE_STRIP = NO;
				DEBUG_INFORMATION_FORMAT = dwarf;
				ENABLE_STRICT_OBJC_MSGSEND = YES;
				ENABLE_TESTABILITY = YES;
				GCC_C_LANGUAGE_STANDARD = gnu11;
				GCC_DYNAMIC_NO_PIC = NO;
				GCC_NO_COMMON_BLOCKS = YES;
				GCC_OPTIMIZATION_LEVEL = 0;
				GCC_PREPROCESSOR_DEFINITIONS = (
					"DEBUG=1",
					"$(inherited)",
				);
				GCC_WARN_64_TO_32_BIT_CONVERSION = YES;
				GCC_WARN_ABOUT_RETURN_TYPE = YES_ERROR;
				GCC_WARN_UNDECLARED_SELECTOR = YES;
				GCC_WARN_UNINITIALIZED_AUTOS = YES_AGGRESSIVE;
				GCC_WARN_UNUSED_FUNCTION = YES;
				GCC_WARN_UNUSED_VARIABLE = YES;
				IPHONEOS_DEPLOYMENT_TARGET = 12.2;
				MTL_ENABLE_DEBUG_INFO = INCLUDE_SOURCE;
				MTL_FAST_MATH = YES;
				ONLY_ACTIVE_ARCH = YES;
				SDKROOT = iphoneos;
				SWIFT_ACTIVE_COMPILATION_CONDITIONS = DEBUG;
				SWIFT_OPTIMIZATION_LEVEL = "-Onone";
			};
			name = Debug;
		};
		055E73E522A48A25001399CF /* Release */ = {
			isa = XCBuildConfiguration;
			buildSettings = {
				ALWAYS_SEARCH_USER_PATHS = NO;
				CLANG_ANALYZER_NONNULL = YES;
				CLANG_ANALYZER_NUMBER_OBJECT_CONVERSION = YES_AGGRESSIVE;
				CLANG_CXX_LANGUAGE_STANDARD = "gnu++14";
				CLANG_CXX_LIBRARY = "libc++";
				CLANG_ENABLE_MODULES = YES;
				CLANG_ENABLE_OBJC_ARC = YES;
				CLANG_ENABLE_OBJC_WEAK = YES;
				CLANG_WARN_BLOCK_CAPTURE_AUTORELEASING = YES;
				CLANG_WARN_BOOL_CONVERSION = YES;
				CLANG_WARN_COMMA = YES;
				CLANG_WARN_CONSTANT_CONVERSION = YES;
				CLANG_WARN_DEPRECATED_OBJC_IMPLEMENTATIONS = YES;
				CLANG_WARN_DIRECT_OBJC_ISA_USAGE = YES_ERROR;
				CLANG_WARN_DOCUMENTATION_COMMENTS = YES;
				CLANG_WARN_EMPTY_BODY = YES;
				CLANG_WARN_ENUM_CONVERSION = YES;
				CLANG_WARN_INFINITE_RECURSION = YES;
				CLANG_WARN_INT_CONVERSION = YES;
				CLANG_WARN_NON_LITERAL_NULL_CONVERSION = YES;
				CLANG_WARN_OBJC_IMPLICIT_RETAIN_SELF = YES;
				CLANG_WARN_OBJC_LITERAL_CONVERSION = YES;
				CLANG_WARN_OBJC_ROOT_CLASS = YES_ERROR;
				CLANG_WARN_RANGE_LOOP_ANALYSIS = YES;
				CLANG_WARN_STRICT_PROTOTYPES = YES;
				CLANG_WARN_SUSPICIOUS_MOVE = YES;
				CLANG_WARN_UNGUARDED_AVAILABILITY = YES_AGGRESSIVE;
				CLANG_WARN_UNREACHABLE_CODE = YES;
				CLANG_WARN__DUPLICATE_METHOD_MATCH = YES;
				CODE_SIGN_IDENTITY = "iPhone Developer";
				COPY_PHASE_STRIP = NO;
				DEBUG_INFORMATION_FORMAT = "dwarf-with-dsym";
				ENABLE_NS_ASSERTIONS = NO;
				ENABLE_STRICT_OBJC_MSGSEND = YES;
				GCC_C_LANGUAGE_STANDARD = gnu11;
				GCC_NO_COMMON_BLOCKS = YES;
				GCC_WARN_64_TO_32_BIT_CONVERSION = YES;
				GCC_WARN_ABOUT_RETURN_TYPE = YES_ERROR;
				GCC_WARN_UNDECLARED_SELECTOR = YES;
				GCC_WARN_UNINITIALIZED_AUTOS = YES_AGGRESSIVE;
				GCC_WARN_UNUSED_FUNCTION = YES;
				GCC_WARN_UNUSED_VARIABLE = YES;
				IPHONEOS_DEPLOYMENT_TARGET = 12.2;
				MTL_ENABLE_DEBUG_INFO = NO;
				MTL_FAST_MATH = YES;
				SDKROOT = iphoneos;
				SWIFT_COMPILATION_MODE = wholemodule;
				SWIFT_OPTIMIZATION_LEVEL = "-O";
				VALIDATE_PRODUCT = YES;
			};
			name = Release;
		};
		055E73E722A48A25001399CF /* Debug */ = {
			isa = XCBuildConfiguration;
			buildSettings = {
				ASSETCATALOG_COMPILER_APPICON_NAME = AppIcon;
				CODE_SIGN_STYLE = Automatic;
				DEVELOPMENT_TEAM = Z3VPV4Z366;
				INFOPLIST_FILE = concentration/Info.plist;
				LD_RUNPATH_SEARCH_PATHS = (
					"$(inherited)",
					"@executable_path/Frameworks",
				);
				PRODUCT_BUNDLE_IDENTIFIER = endobit.concentration;
				PRODUCT_NAME = "$(TARGET_NAME)";
				SWIFT_VERSION = 5.0;
				TARGETED_DEVICE_FAMILY = "1,2";
			};
			name = Debug;
		};
		055E73E822A48A25001399CF /* Release */ = {
			isa = XCBuildConfiguration;
			buildSettings = {
				ASSETCATALOG_COMPILER_APPICON_NAME = AppIcon;
				CODE_SIGN_STYLE = Automatic;
				DEVELOPMENT_TEAM = Z3VPV4Z366;
				INFOPLIST_FILE = concentration/Info.plist;
				LD_RUNPATH_SEARCH_PATHS = (
					"$(inherited)",
					"@executable_path/Frameworks",
				);
				PRODUCT_BUNDLE_IDENTIFIER = endobit.concentration;
				PRODUCT_NAME = "$(TARGET_NAME)";
				SWIFT_VERSION = 5.0;
				TARGETED_DEVICE_FAMILY = "1,2";
			};
			name = Release;
		};
		055E73EA22A48A25001399CF /* Debug */ = {
			isa = XCBuildConfiguration;
			buildSettings = {
				ALWAYS_EMBED_SWIFT_STANDARD_LIBRARIES = YES;
				BUNDLE_LOADER = "$(TEST_HOST)";
				CODE_SIGN_STYLE = Automatic;
				DEVELOPMENT_TEAM = Z3VPV4Z366;
				INFOPLIST_FILE = concentrationTests/Info.plist;
				LD_RUNPATH_SEARCH_PATHS = (
					"$(inherited)",
					"@executable_path/Frameworks",
					"@loader_path/Frameworks",
				);
				PRODUCT_BUNDLE_IDENTIFIER = endobit.concentrationTests;
				PRODUCT_NAME = "$(TARGET_NAME)";
				SWIFT_VERSION = 5.0;
				TARGETED_DEVICE_FAMILY = "1,2";
				TEST_HOST = "$(BUILT_PRODUCTS_DIR)/concentration.app/concentration";
			};
			name = Debug;
		};
		055E73EB22A48A25001399CF /* Release */ = {
			isa = XCBuildConfiguration;
			buildSettings = {
				ALWAYS_EMBED_SWIFT_STANDARD_LIBRARIES = YES;
				BUNDLE_LOADER = "$(TEST_HOST)";
				CODE_SIGN_STYLE = Automatic;
				DEVELOPMENT_TEAM = Z3VPV4Z366;
				INFOPLIST_FILE = concentrationTests/Info.plist;
				LD_RUNPATH_SEARCH_PATHS = (
					"$(inherited)",
					"@executable_path/Frameworks",
					"@loader_path/Frameworks",
				);
				PRODUCT_BUNDLE_IDENTIFIER = endobit.concentrationTests;
				PRODUCT_NAME = "$(TARGET_NAME)";
				SWIFT_VERSION = 5.0;
				TARGETED_DEVICE_FAMILY = "1,2";
				TEST_HOST = "$(BUILT_PRODUCTS_DIR)/concentration.app/concentration";
			};
			name = Release;
		};
		055E73ED22A48A25001399CF /* Debug */ = {
			isa = XCBuildConfiguration;
			buildSettings = {
				ALWAYS_EMBED_SWIFT_STANDARD_LIBRARIES = YES;
				CODE_SIGN_STYLE = Automatic;
				DEVELOPMENT_TEAM = Z3VPV4Z366;
				INFOPLIST_FILE = concentrationUITests/Info.plist;
				LD_RUNPATH_SEARCH_PATHS = (
					"$(inherited)",
					"@executable_path/Frameworks",
					"@loader_path/Frameworks",
				);
				PRODUCT_BUNDLE_IDENTIFIER = endobit.concentrationUITests;
				PRODUCT_NAME = "$(TARGET_NAME)";
				SWIFT_VERSION = 5.0;
				TARGETED_DEVICE_FAMILY = "1,2";
				TEST_TARGET_NAME = concentration;
			};
			name = Debug;
		};
		055E73EE22A48A25001399CF /* Release */ = {
			isa = XCBuildConfiguration;
			buildSettings = {
				ALWAYS_EMBED_SWIFT_STANDARD_LIBRARIES = YES;
				CODE_SIGN_STYLE = Automatic;
				DEVELOPMENT_TEAM = Z3VPV4Z366;
				INFOPLIST_FILE = concentrationUITests/Info.plist;
				LD_RUNPATH_SEARCH_PATHS = (
					"$(inherited)",
					"@executable_path/Frameworks",
					"@loader_path/Frameworks",
				);
				PRODUCT_BUNDLE_IDENTIFIER = endobit.concentrationUITests;
				PRODUCT_NAME = "$(TARGET_NAME)";
				SWIFT_VERSION = 5.0;
				TARGETED_DEVICE_FAMILY = "1,2";
				TEST_TARGET_NAME = concentration;
			};
			name = Release;
		};
/* End XCBuildConfiguration section */

/* Begin XCConfigurationList section */
		055E73B622A48A23001399CF /* Build configuration list for PBXProject "concentration" */ = {
			isa = XCConfigurationList;
			buildConfigurations = (
				055E73E422A48A25001399CF /* Debug */,
				055E73E522A48A25001399CF /* Release */,
			);
			defaultConfigurationIsVisible = 0;
			defaultConfigurationName = Release;
		};
		055E73E622A48A25001399CF /* Build configuration list for PBXNativeTarget "concentration" */ = {
			isa = XCConfigurationList;
			buildConfigurations = (
				055E73E722A48A25001399CF /* Debug */,
				055E73E822A48A25001399CF /* Release */,
			);
			defaultConfigurationIsVisible = 0;
			defaultConfigurationName = Release;
		};
		055E73E922A48A25001399CF /* Build configuration list for PBXNativeTarget "concentrationTests" */ = {
			isa = XCConfigurationList;
			buildConfigurations = (
				055E73EA22A48A25001399CF /* Debug */,
				055E73EB22A48A25001399CF /* Release */,
			);
			defaultConfigurationIsVisible = 0;
			defaultConfigurationName = Release;
		};
		055E73EC22A48A25001399CF /* Build configuration list for PBXNativeTarget "concentrationUITests" */ = {
			isa = XCConfigurationList;
			buildConfigurations = (
				055E73ED22A48A25001399CF /* Debug */,
				055E73EE22A48A25001399CF /* Release */,
			);
			defaultConfigurationIsVisible = 0;
			defaultConfigurationName = Release;
		};
/* End XCConfigurationList section */

/* Begin XCVersionGroup section */
		055E73C522A48A23001399CF /* concentration.xcdatamodeld */ = {
			isa = XCVersionGroup;
			children = (
				055E73C622A48A23001399CF /* concentration.xcdatamodel */,
			);
			currentVersion = 055E73C622A48A23001399CF /* concentration.xcdatamodel */;
			path = concentration.xcdatamodeld;
			sourceTree = "<group>";
			versionGroupType = wrapper.xcdatamodel;
		};
/* End XCVersionGroup section */
	};
	rootObject = 055E73B322A48A23001399CF /* Project object */;
}
